
Microsoft Visual Studio Solution File, Format Version 12.00
# Visual Studio Version 16
VisualStudioVersion = 16.0.30413.136
MinimumVisualStudioVersion = 10.0.40219.1
Project("{FAE04EC0-301F-11D3-BF4B-00C04F79EFBC}") = "Publications", "Publications.csproj", "{30A94C6C-1516-48D7-8F4A-51B52DA65CA5}"
EndProject
Global
	GlobalSection(SolutionConfigurationPlatforms) = preSolution
		Debug|Any CPU = Debug|Any CPU
		Release|Any CPU = Release|Any CPU
	EndGlobalSection
	GlobalSection(ProjectConfigurationPlatforms) = postSolution
		{30A94C6C-1516-48D7-8F4A-51B52DA65CA5}.Debug|Any CPU.ActiveCfg = Debug|Any CPU
		{30A94C6C-1516-48D7-8F4A-51B52DA65CA5}.Debug|Any CPU.Build.0 = Debug|Any CPU
		{30A94C6C-1516-48D7-8F4A-51B52DA65CA5}.Release|Any CPU.ActiveCfg = Release|Any CPU
		{30A94C6C-1516-48D7-8F4A-51B52DA65CA5}.Release|Any CPU.Build.0 = Release|Any CPU
	EndGlobalSection
	GlobalSection(SolutionProperties) = preSolution
		HideSolutionNode = FALSE
	EndGlobalSection
	GlobalSection(ExtensibilityGlobals) = postSolution
		SolutionGuid = {88A6A66B-A83A-4934-84F2-252107CDF64B}
	EndGlobalSection
EndGlobal
